
Microsoft Visual Studio Solution File, Format Version 12.00
# Visual Studio Version 16
VisualStudioVersion = 16.0.32510.428
MinimumVisualStudioVersion = 10.0.40219.1
Project("{FAE04EC0-301F-11D3-BF4B-00C04F79EFBC}") = "GestionHotel", "GestionHotel\GestionHotel.csproj", "{35F2320A-A6C1-4247-AD4C-37C1C9A88A86}"
EndProject
Global
	GlobalSection(SolutionConfigurationPlatforms) = preSolution
		Debug|Any CPU = Debug|Any CPU
		Release|Any CPU = Release|Any CPU
	EndGlobalSection
	GlobalSection(ProjectConfigurationPlatforms) = postSolution
		{35F2320A-A6C1-4247-AD4C-37C1C9A88A86}.Debug|Any CPU.ActiveCfg = Debug|Any CPU
		{35F2320A-A6C1-4247-AD4C-37C1C9A88A86}.Debug|Any CPU.Build.0 = Debug|Any CPU
		{35F2320A-A6C1-4247-AD4C-37C1C9A88A86}.Release|Any CPU.ActiveCfg = Release|Any CPU
		{35F2320A-A6C1-4247-AD4C-37C1C9A88A86}.Release|Any CPU.Build.0 = Release|Any CPU
	EndGlobalSection
	GlobalSection(SolutionProperties) = preSolution
		HideSolutionNode = FALSE
	EndGlobalSection
	GlobalSection(ExtensibilityGlobals) = postSolution
		SolutionGuid = {ABFDDC26-E0E7-4421-9307-5D9A3673C673}
	EndGlobalSection
EndGlobal
